
Microsoft Visual Studio Solution File, Format Version 12.00
# Visual Studio Version 16
VisualStudioVersion = 16.0.32802.440
MinimumVisualStudioVersion = 10.0.40219.1
Project("{F2A71F9B-5D33-465A-A702-920D77279786}") = "fejer9_9_22", "fejer9_9_22.fsproj", "{1EE2E0DB-9F57-45E6-A08B-AAF22BDB6772}"
EndProject
Global
	GlobalSection(SolutionConfigurationPlatforms) = preSolution
		Debug|Any CPU = Debug|Any CPU
		Release|Any CPU = Release|Any CPU
	EndGlobalSection
	GlobalSection(ProjectConfigurationPlatforms) = postSolution
		{1EE2E0DB-9F57-45E6-A08B-AAF22BDB6772}.Debug|Any CPU.ActiveCfg = Debug|Any CPU
		{1EE2E0DB-9F57-45E6-A08B-AAF22BDB6772}.Debug|Any CPU.Build.0 = Debug|Any CPU
		{1EE2E0DB-9F57-45E6-A08B-AAF22BDB6772}.Release|Any CPU.ActiveCfg = Release|Any CPU
		{1EE2E0DB-9F57-45E6-A08B-AAF22BDB6772}.Release|Any CPU.Build.0 = Release|Any CPU
	EndGlobalSection
	GlobalSection(SolutionProperties) = preSolution
		HideSolutionNode = FALSE
	EndGlobalSection
	GlobalSection(ExtensibilityGlobals) = postSolution
		SolutionGuid = {2FC62D8F-0835-4FB7-BD56-470415E33523}
	EndGlobalSection
EndGlobal
